// !$*UTF8*$!
{
	archiveVersion = 1;
	classes = {
	};
	objectVersion = 55;
	objects = {

/* Begin PBXBuildFile section */
		62D372D0292E1C080000B7EA /* main.swift in Sources */ = {isa = PBXBuildFile; fileRef = 62D372CF292E1C080000B7EA /* main.swift */; };
		62D372DD292E1C220000B7EA /* TDDFinal.swift in Sources */ = {isa = PBXBuildFile; fileRef = 62D372DC292E1C220000B7EA /* TDDFinal.swift */; };
		62D372E2292E1D9C0000B7EA /* sortingAlgorithms.swift in Sources */ = {isa = PBXBuildFile; fileRef = 62D372E1292E1D9C0000B7EA /* sortingAlgorithms.swift */; };
		62D372E3292E1D9C0000B7EA /* sortingAlgorithms.swift in Sources */ = {isa = PBXBuildFile; fileRef = 62D372E1292E1D9C0000B7EA /* sortingAlgorithms.swift */; };
/* End PBXBuildFile section */

/* Begin PBXCopyFilesBuildPhase section */
		62D372CA292E1C080000B7EA /* CopyFiles */ = {
			isa = PBXCopyFilesBuildPhase;
			buildActionMask = 2147483647;
			dstPath = /usr/share/man/man1/;
			dstSubfolderSpec = 0;
			files = (
			);
			runOnlyForDeploymentPostprocessing = 1;
		};
/* End PBXCopyFilesBuildPhase section */

/* Begin PBXFileReference section */
		62D372CC292E1C080000B7EA /* algorithmsTestsFinal */ = {isa = PBXFileReference; explicitFileType = "compiled.mach-o.executable"; includeInIndex = 0; path = algorithmsTestsFinal; sourceTree = BUILT_PRODUCTS_DIR; };
		62D372CF292E1C080000B7EA /* main.swift */ = {isa = PBXFileReference; lastKnownFileType = sourcecode.swift; path = main.swift; sourceTree = "<group>"; };
		62D372DA292E1C220000B7EA /* TDDFinal.xctest */ = {isa = PBXFileReference; explicitFileType = wrapper.cfbundle; includeInIndex = 0; path = TDDFinal.xctest; sourceTree = BUILT_PRODUCTS_DIR; };
		62D372DC292E1C220000B7EA /* TDDFinal.swift */ = {isa = PBXFileReference; lastKnownFileType = sourcecode.swift; path = TDDFinal.swift; sourceTree = "<group>"; };
		62D372E1292E1D9C0000B7EA /* sortingAlgorithms.swift */ = {isa = PBXFileReference; lastKnownFileType = sourcecode.swift; path = sortingAlgorithms.swift; sourceTree = "<group>"; };
/* End PBXFileReference section */

/* Begin PBXFrameworksBuildPhase section */
		62D372C9292E1C080000B7EA /* Frameworks */ = {
			isa = PBXFrameworksBuildPhase;
			buildActionMask = 2147483647;
			files = (
			);
			runOnlyForDeploymentPostprocessing = 0;
		};
		62D372D7292E1C220000B7EA /* Frameworks */ = {
			isa = PBXFrameworksBuildPhase;
			buildActionMask = 2147483647;
			files = (
			);
			runOnlyForDeploymentPostprocessing = 0;
		};
/* End PBXFrameworksBuildPhase section */

/* Begin PBXGroup section */
		62D372C3292E1C080000B7EA = {
			isa = PBXGroup;
			children = (
				62D372CE292E1C080000B7EA /* algorithmsTestsFinal */,
				62D372DB292E1C220000B7EA /* TDDFinal */,
				62D372CD292E1C080000B7EA /* Products */,
			);
			sourceTree = "<group>";
		};
		62D372CD292E1C080000B7EA /* Products */ = {
			isa = PBXGroup;
			children = (
				62D372CC292E1C080000B7EA /* algorithmsTestsFinal */,
				62D372DA292E1C220000B7EA /* TDDFinal.xctest */,
			);
			name = Products;
			sourceTree = "<group>";
		};
		62D372CE292E1C080000B7EA /* algorithmsTestsFinal */ = {
			isa = PBXGroup;
			children = (
				62D372CF292E1C080000B7EA /* main.swift */,
				62D372E1292E1D9C0000B7EA /* sortingAlgorithms.swift */,
			);
			path = algorithmsTestsFinal;
			sourceTree = "<group>";
		};
		62D372DB292E1C220000B7EA /* TDDFinal */ = {
			isa = PBXGroup;
			children = (
				62D372DC292E1C220000B7EA /* TDDFinal.swift */,
			);
			path = TDDFinal;
			sourceTree = "<group>";
		};
/* End PBXGroup section */

/* Begin PBXNativeTarget section */
		62D372CB292E1C080000B7EA /* algorithmsTestsFinal */ = {
			isa = PBXNativeTarget;
			buildConfigurationList = 62D372D3292E1C080000B7EA /* Build configuration list for PBXNativeTarget "algorithmsTestsFinal" */;
			buildPhases = (
				62D372C8292E1C080000B7EA /* Sources */,
				62D372C9292E1C080000B7EA /* Frameworks */,
				62D372CA292E1C080000B7EA /* CopyFiles */,
			);
			buildRules = (
			);
			dependencies = (
			);
			name = algorithmsTestsFinal;
			productName = algorithmsTestsFinal;
			productReference = 62D372CC292E1C080000B7EA /* algorithmsTestsFinal */;
			productType = "com.apple.product-type.tool";
		};
		62D372D9292E1C220000B7EA /* TDDFinal */ = {
			isa = PBXNativeTarget;
			buildConfigurationList = 62D372DE292E1C220000B7EA /* Build configuration list for PBXNativeTarget "TDDFinal" */;
			buildPhases = (
				62D372D6292E1C220000B7EA /* Sources */,
				62D372D7292E1C220000B7EA /* Frameworks */,
				62D372D8292E1C220000B7EA /* Resources */,
			);
			buildRules = (
			);
			dependencies = (
			);
			name = TDDFinal;
			productName = TDDFinal;
			productReference = 62D372DA292E1C220000B7EA /* TDDFinal.xctest */;
			productType = "com.apple.product-type.bundle.unit-test";
		};
/* End PBXNativeTarget section */

/* Begin PBXProject section */
		62D372C4292E1C080000B7EA /* Project object */ = {
			isa = PBXProject;
			attributes = {
				BuildIndependentTargetsInParallel = 1;
				LastSwiftUpdateCheck = 1320;
				LastUpgradeCheck = 1320;
				TargetAttributes = {
					62D372CB292E1C080000B7EA = {
						CreatedOnToolsVersion = 13.2.1;
					};
					62D372D9292E1C220000B7EA = {
						CreatedOnToolsVersion = 13.2.1;
					};
				};
			};
			buildConfigurationList = 62D372C7292E1C080000B7EA /* Build configuration list for PBXProject "algorithmsTestsFinal" */;
			compatibilityVersion = "Xcode 13.0";
			developmentRegion = en;
			hasScannedForEncodings = 0;
			knownRegions = (
				en,
				Base,
			);
			mainGroup = 62D372C3292E1C080000B7EA;
			productRefGroup = 62D372CD292E1C080000B7EA /* Products */;
			projectDirPath = "";
			projectRoot = "";
			targets = (
				62D372CB292E1C080000B7EA /* algorithmsTestsFinal */,
				62D372D9292E1C220000B7EA /* TDDFinal */,
			);
		};
/* End PBXProject section */

/* Begin PBXResourcesBuildPhase section */
		62D372D8292E1C220000B7EA /* Resources */ = {
			isa = PBXResourcesBuildPhase;
			buildActionMask = 2147483647;
			files = (
			);
			runOnlyForDeploymentPostprocessing = 0;
		};
/* End PBXResourcesBuildPhase section */

/* Begin PBXSourcesBuildPhase section */
		62D372C8292E1C080000B7EA /* Sources */ = {
			isa = PBXSourcesBuildPhase;
			buildActionMask = 2147483647;
			files = (
				62D372E2292E1D9C0000B7EA /* sortingAlgorithms.swift in Sources */,
				62D372D0292E1C080000B7EA /* main.swift in Sources */,
			);
			runOnlyForDeploymentPostprocessing = 0;
		};
		62D372D6292E1C220000B7EA /* Sources */ = {
			isa = PBXSourcesBuildPhase;
			buildActionMask = 2147483647;
			files = (
				62D372E3292E1D9C0000B7EA /* sortingAlgorithms.swift in Sources */,
				62D372DD292E1C220000B7EA /* TDDFinal.swift in Sources */,
			);
			runOnlyForDeploymentPostprocessing = 0;
		};
/* End PBXSourcesBuildPhase section */

/* Begin XCBuildConfiguration section */
		62D372D1292E1C080000B7EA /* Debug */ = {
			isa = XCBuildConfiguration;
			buildSettings = {
				ALWAYS_SEARCH_USER_PATHS = NO;
				CLANG_ANALYZER_NONNULL = YES;
				CLANG_ANALYZER_NUMBER_OBJECT_CONVERSION = YES_AGGRESSIVE;
				CLANG_CXX_LANGUAGE_STANDARD = "gnu++17";
				CLANG_CXX_LIBRARY = "libc++";
				CLANG_ENABLE_MODULES = YES;
				CLANG_ENABLE_OBJC_ARC = YES;
				CLANG_ENABLE_OBJC_WEAK = YES;
				CLANG_WARN_BLOCK_CAPTURE_AUTORELEASING = YES;
				CLANG_WARN_BOOL_CONVERSION = YES;
				CLANG_WARN_COMMA = YES;
				CLANG_WARN_CONSTANT_CONVERSION = YES;
				CLANG_WARN_DEPRECATED_OBJC_IMPLEMENTATIONS = YES;
				CLANG_WARN_DIRECT_OBJC_ISA_USAGE = YES_ERROR;
				CLANG_WARN_DOCUMENTATION_COMMENTS = YES;
				CLANG_WARN_EMPTY_BODY = YES;
				CLANG_WARN_ENUM_CONVERSION = YES;
				CLANG_WARN_INFINITE_RECURSION = YES;
				CLANG_WARN_INT_CONVERSION = YES;
				CLANG_WARN_NON_LITERAL_NULL_CONVERSION = YES;
				CLANG_WARN_OBJC_IMPLICIT_RETAIN_SELF = YES;
				CLANG_WARN_OBJC_LITERAL_CONVERSION = YES;
				CLANG_WARN_OBJC_ROOT_CLASS = YES_ERROR;
				CLANG_WARN_QUOTED_INCLUDE_IN_FRAMEWORK_HEADER = YES;
				CLANG_WARN_RANGE_LOOP_ANALYSIS = YES;
				CLANG_WARN_STRICT_PROTOTYPES = YES;
				CLANG_WARN_SUSPICIOUS_MOVE = YES;
				CLANG_WARN_UNGUARDED_AVAILABILITY = YES_AGGRESSIVE;
				CLANG_WARN_UNREACHABLE_CODE = YES;
				CLANG_WARN__DUPLICATE_METHOD_MATCH = YES;
				COPY_PHASE_STRIP = NO;
				DEBUG_INFORMATION_FORMAT = dwarf;
				ENABLE_STRICT_OBJC_MSGSEND = YES;
				ENABLE_TESTABILITY = YES;
				GCC_C_LANGUAGE_STANDARD = gnu11;
				GCC_DYNAMIC_NO_PIC = NO;
				GCC_NO_COMMON_BLOCKS = YES;
				GCC_OPTIMIZATION_LEVEL = 0;
				GCC_PREPROCESSOR_DEFINITIONS = (
					"DEBUG=1",
					"$(inherited)",
				);
				GCC_WARN_64_TO_32_BIT_CONVERSION = YES;
				GCC_WARN_ABOUT_RETURN_TYPE = YES_ERROR;
				GCC_WARN_UNDECLARED_SELECTOR = YES;
				GCC_WARN_UNINITIALIZED_AUTOS = YES_AGGRESSIVE;
				GCC_WARN_UNUSED_FUNCTION = YES;
				GCC_WARN_UNUSED_VARIABLE = YES;
				MACOSX_DEPLOYMENT_TARGET = 11.6;
				MTL_ENABLE_DEBUG_INFO = INCLUDE_SOURCE;
				MTL_FAST_MATH = YES;
				ONLY_ACTIVE_ARCH = YES;
				SDKROOT = macosx;
				SWIFT_ACTIVE_COMPILATION_CONDITIONS = DEBUG;
				SWIFT_OPTIMIZATION_LEVEL = "-Onone";
			};
			name = Debug;
		};
		62D372D2292E1C080000B7EA /* Release */ = {
			isa = XCBuildConfiguration;
			buildSettings = {
				ALWAYS_SEARCH_USER_PATHS = NO;
				CLANG_ANALYZER_NONNULL = YES;
				CLANG_ANALYZER_NUMBER_OBJECT_CONVERSION = YES_AGGRESSIVE;
				CLANG_CXX_LANGUAGE_STANDARD = "gnu++17";
				CLANG_CXX_LIBRARY = "libc++";
				CLANG_ENABLE_MODULES = YES;
				CLANG_ENABLE_OBJC_ARC = YES;
				CLANG_ENABLE_OBJC_WEAK = YES;
				CLANG_WARN_BLOCK_CAPTURE_AUTORELEASING = YES;
				CLANG_WARN_BOOL_CONVERSION = YES;
				CLANG_WARN_COMMA = YES;
				CLANG_WARN_CONSTANT_CONVERSION = YES;
				CLANG_WARN_DEPRECATED_OBJC_IMPLEMENTATIONS = YES;
				CLANG_WARN_DIRECT_OBJC_ISA_USAGE = YES_ERROR;
				CLANG_WARN_DOCUMENTATION_COMMENTS = YES;
				CLANG_WARN_EMPTY_BODY = YES;
				CLANG_WARN_ENUM_CONVERSION = YES;
				CLANG_WARN_INFINITE_RECURSION = YES;
				CLANG_WARN_INT_CONVERSION = YES;
				CLANG_WARN_NON_LITERAL_NULL_CONVERSION = YES;
				CLANG_WARN_OBJC_IMPLICIT_RETAIN_SELF = YES;
				CLANG_WARN_OBJC_LITERAL_CONVERSION = YES;
				CLANG_WARN_OBJC_ROOT_CLASS = YES_ERROR;
				CLANG_WARN_QUOTED_INCLUDE_IN_FRAMEWORK_HEADER = YES;
				CLANG_WARN_RANGE_LOOP_ANALYSIS = YES;
				CLANG_WARN_STRICT_PROTOTYPES = YES;
				CLANG_WARN_SUSPICIOUS_MOVE = YES;
				CLANG_WARN_UNGUARDED_AVAILABILITY = YES_AGGRESSIVE;
				CLANG_WARN_UNREACHABLE_CODE = YES;
				CLANG_WARN__DUPLICATE_METHOD_MATCH = YES;
				COPY_PHASE_STRIP = NO;
				DEBUG_INFORMATION_FORMAT = "dwarf-with-dsym";
				ENABLE_NS_ASSERTIONS = NO;
				ENABLE_STRICT_OBJC_MSGSEND = YES;
				GCC_C_LANGUAGE_STANDARD = gnu11;
				GCC_NO_COMMON_BLOCKS = YES;
				GCC_WARN_64_TO_32_BIT_CONVERSION = YES;
				GCC_WARN_ABOUT_RETURN_TYPE = YES_ERROR;
				GCC_WARN_UNDECLARED_SELECTOR = YES;
				GCC_WARN_UNINITIALIZED_AUTOS = YES_AGGRESSIVE;
				GCC_WARN_UNUSED_FUNCTION = YES;
				GCC_WARN_UNUSED_VARIABLE = YES;
				MACOSX_DEPLOYMENT_TARGET = 11.6;
				MTL_ENABLE_DEBUG_INFO = NO;
				MTL_FAST_MATH = YES;
				SDKROOT = macosx;
				SWIFT_COMPILATION_MODE = wholemodule;
				SWIFT_OPTIMIZATION_LEVEL = "-O";
			};
			name = Release;
		};
		62D372D4292E1C080000B7EA /* Debug */ = {
			isa = XCBuildConfiguration;
			buildSettings = {
				CODE_SIGN_STYLE = Automatic;
				PRODUCT_NAME = "$(TARGET_NAME)";
				SWIFT_VERSION = 5.0;
			};
			name = Debug;
		};
		62D372D5292E1C080000B7EA /* Release */ = {
			isa = XCBuildConfiguration;
			buildSettings = {
				CODE_SIGN_STYLE = Automatic;
				PRODUCT_NAME = "$(TARGET_NAME)";
				SWIFT_VERSION = 5.0;
			};
			name = Release;
		};
		62D372DF292E1C220000B7EA /* Debug */ = {
			isa = XCBuildConfiguration;
			buildSettings = {
				CODE_SIGN_STYLE = Automatic;
				CURRENT_PROJECT_VERSION = 1;
				GENERATE_INFOPLIST_FILE = YES;
				MARKETING_VERSION = 1.0;
				PRODUCT_BUNDLE_IDENTIFIER = com.eton.Cw.WH.TDDFinal;
				PRODUCT_NAME = "$(TARGET_NAME)";
				SWIFT_EMIT_LOC_STRINGS = NO;
				SWIFT_VERSION = 5.0;
			};
			name = Debug;
		};
		62D372E0292E1C220000B7EA /* Release */ = {
			isa = XCBuildConfiguration;
			buildSettings = {
				CODE_SIGN_STYLE = Automatic;
				CURRENT_PROJECT_VERSION = 1;
				GENERATE_INFOPLIST_FILE = YES;
				MARKETING_VERSION = 1.0;
				PRODUCT_BUNDLE_IDENTIFIER = com.eton.Cw.WH.TDDFinal;
				PRODUCT_NAME = "$(TARGET_NAME)";
				SWIFT_EMIT_LOC_STRINGS = NO;
				SWIFT_VERSION = 5.0;
			};
			name = Release;
		};
/* End XCBuildConfiguration section */

/* Begin XCConfigurationList section */
		62D372C7292E1C080000B7EA /* Build configuration list for PBXProject "algorithmsTestsFinal" */ = {
			isa = XCConfigurationList;
			buildConfigurations = (
				62D372D1292E1C080000B7EA /* Debug */,
				62D372D2292E1C080000B7EA /* Release */,
			);
			defaultConfigurationIsVisible = 0;
			defaultConfigurationName = Release;
		};
		62D372D3292E1C080000B7EA /* Build configuration list for PBXNativeTarget "algorithmsTestsFinal" */ = {
			isa = XCConfigurationList;
			buildConfigurations = (
				62D372D4292E1C080000B7EA /* Debug */,
				62D372D5292E1C080000B7EA /* Release */,
			);
			defaultConfigurationIsVisible = 0;
			defaultConfigurationName = Release;
		};
		62D372DE292E1C220000B7EA /* Build configuration list for PBXNativeTarget "TDDFinal" */ = {
			isa = XCConfigurationList;
			buildConfigurations = (
				62D372DF292E1C220000B7EA /* Debug */,
				62D372E0292E1C220000B7EA /* Release */,
			);
			defaultConfigurationIsVisible = 0;
			defaultConfigurationName = Release;
		};
/* End XCConfigurationList section */
	};
	rootObject = 62D372C4292E1C080000B7EA /* Project object */;
}
